
Microsoft Visual Studio Solution File, Format Version 12.00
# Visual Studio 15
VisualStudioVersion = 15.0.28307.1401
MinimumVisualStudioVersion = 10.0.40219.1
Project("{8BC9CEB8-8B4A-11D0-8D11-00A0C91BC942}") = "2GIStest", "2GIStest\2GIStest.vcxproj", "{7846ED02-165B-4A74-AFA0-90844E410277}"
EndProject
Project("{8BC9CEB8-8B4A-11D0-8D11-00A0C91BC942}") = "2GIS-Test", "2GIS-Test\2GIS-Test.vcxproj", "{F020300E-C9F2-45A4-93E7-17E25BE2D7BE}"
EndProject
Project("{8BC9CEB8-8B4A-11D0-8D11-00A0C91BC942}") = "UnitTest", "UnitTest\UnitTest.vcxproj", "{D38E0BAB-01B7-43B2-B43B-AD91AB165C69}"
EndProject
Global
	GlobalSection(SolutionConfigurationPlatforms) = preSolution
		Debug|x64 = Debug|x64
		Debug|x86 = Debug|x86
		Release|x64 = Release|x64
		Release|x86 = Release|x86
	EndGlobalSection
	GlobalSection(ProjectConfigurationPlatforms) = postSolution
		{7846ED02-165B-4A74-AFA0-90844E410277}.Debug|x64.ActiveCfg = Debug|x64
		{7846ED02-165B-4A74-AFA0-90844E410277}.Debug|x64.Build.0 = Debug|x64
		{7846ED02-165B-4A74-AFA0-90844E410277}.Debug|x86.ActiveCfg = Debug|Win32
		{7846ED02-165B-4A74-AFA0-90844E410277}.Debug|x86.Build.0 = Debug|Win32
		{7846ED02-165B-4A74-AFA0-90844E410277}.Release|x64.ActiveCfg = Release|x64
		{7846ED02-165B-4A74-AFA0-90844E410277}.Release|x64.Build.0 = Release|x64
		{7846ED02-165B-4A74-AFA0-90844E410277}.Release|x86.ActiveCfg = Release|Win32
		{7846ED02-165B-4A74-AFA0-90844E410277}.Release|x86.Build.0 = Release|Win32
		{F020300E-C9F2-45A4-93E7-17E25BE2D7BE}.Debug|x64.ActiveCfg = Debug|x64
		{F020300E-C9F2-45A4-93E7-17E25BE2D7BE}.Debug|x64.Build.0 = Debug|x64
		{F020300E-C9F2-45A4-93E7-17E25BE2D7BE}.Debug|x86.ActiveCfg = Debug|Win32
		{F020300E-C9F2-45A4-93E7-17E25BE2D7BE}.Debug|x86.Build.0 = Debug|Win32
		{F020300E-C9F2-45A4-93E7-17E25BE2D7BE}.Release|x64.ActiveCfg = Release|x64
		{F020300E-C9F2-45A4-93E7-17E25BE2D7BE}.Release|x64.Build.0 = Release|x64
		{F020300E-C9F2-45A4-93E7-17E25BE2D7BE}.Release|x86.ActiveCfg = Release|Win32
		{F020300E-C9F2-45A4-93E7-17E25BE2D7BE}.Release|x86.Build.0 = Release|Win32
		{D38E0BAB-01B7-43B2-B43B-AD91AB165C69}.Debug|x64.ActiveCfg = Debug|x64
		{D38E0BAB-01B7-43B2-B43B-AD91AB165C69}.Debug|x64.Build.0 = Debug|x64
		{D38E0BAB-01B7-43B2-B43B-AD91AB165C69}.Debug|x86.ActiveCfg = Debug|Win32
		{D38E0BAB-01B7-43B2-B43B-AD91AB165C69}.Debug|x86.Build.0 = Debug|Win32
		{D38E0BAB-01B7-43B2-B43B-AD91AB165C69}.Release|x64.ActiveCfg = Release|x64
		{D38E0BAB-01B7-43B2-B43B-AD91AB165C69}.Release|x64.Build.0 = Release|x64
		{D38E0BAB-01B7-43B2-B43B-AD91AB165C69}.Release|x86.ActiveCfg = Release|Win32
		{D38E0BAB-01B7-43B2-B43B-AD91AB165C69}.Release|x86.Build.0 = Release|Win32
	EndGlobalSection
	GlobalSection(SolutionProperties) = preSolution
		HideSolutionNode = FALSE
	EndGlobalSection
	GlobalSection(ExtensibilityGlobals) = postSolution
		SolutionGuid = {583D80BA-E623-4CE5-BEA1-B67DAE40DA65}
	EndGlobalSection
EndGlobal
